
Microsoft Visual Studio Solution File, Format Version 12.00
# Visual Studio Version 17
VisualStudioVersion = 17.9.34902.65
MinimumVisualStudioVersion = 10.0.40219.1
Project("{9A19103F-16F7-4668-BE54-9A1E7A4F7556}") = "Module", "Module\Module.csproj", "{FD651C46-7982-405F-A81E-23198FE50C7D}"
EndProject
Project("{9A19103F-16F7-4668-BE54-9A1E7A4F7556}") = "Localization", "Localization\Localization.csproj", "{3049B8B1-A121-4094-9591-6CB917E3039C}"
EndProject
Project("{9A19103F-16F7-4668-BE54-9A1E7A4F7556}") = "Api", "Api\Api.csproj", "{4B21C1FE-C66A-40C3-B76F-CD4EA636BB10}"
EndProject
Project("{9A19103F-16F7-4668-BE54-9A1E7A4F7556}") = "AppIdentity", "Identity\AppIdentity.csproj", "{6BE99E3A-365C-4678-83F2-B8D53406A5EC}"
EndProject
Project("{9A19103F-16F7-4668-BE54-9A1E7A4F7556}") = "AppCommon", "AppCommon\AppCommon.csproj", "{F502F3B5-CDC6-4A4B-8999-0804A4B65A24}"
EndProject
Project("{9A19103F-16F7-4668-BE54-9A1E7A4F7556}") = "AppMigration.SqlServer", "AppMigration.SqlServer\AppMigration.SqlServer.csproj", "{182CAD2B-C6A7-43A1-BA7D-5FB9F177967C}"
EndProject
Project("{9A19103F-16F7-4668-BE54-9A1E7A4F7556}") = "AppMigration.MySql", "AppMigration.MySql\AppMigration.MySql.csproj", "{D4D77D99-E59D-44EF-8704-D6AC1BBC9484}"
EndProject
Project("{9A19103F-16F7-4668-BE54-9A1E7A4F7556}") = "AppMigration.PostgreSql", "AppMigration.PostgreSql\AppMigration.PostgreSql.csproj", "{AD9710D7-891F-4A18-A235-37908849D640}"
EndProject
Project("{9A19103F-16F7-4668-BE54-9A1E7A4F7556}") = "Application", "Application\Application.csproj", "{2A3817B4-36DA-4AFD-9694-5AD874B98B40}"
EndProject
Project("{9A19103F-16F7-4668-BE54-9A1E7A4F7556}") = "Infrastructure", "Infrastructure\Infrastructure.csproj", "{6C528BEB-1B3E-4218-A86B-AB1E07F92BEE}"
EndProject
Project("{9A19103F-16F7-4668-BE54-9A1E7A4F7556}") = "Import", "Import\Import.csproj", "{106ED228-10AD-41B8-A026-D6F43EC54485}"
EndProject
Project("{9A19103F-16F7-4668-BE54-9A1E7A4F7556}") = "Events", "Events\Events.csproj", "{523112D9-4C6D-4983-A6CA-76DD601F756E}"
EndProject
Project("{9A19103F-16F7-4668-BE54-9A1E7A4F7556}") = "FileStorge", "FileStorge\FileStorge.csproj", "{7F34BDC8-3F84-4BD4-BC3A-F5CD6CE58879}"
EndProject
Project("{9A19103F-16F7-4668-BE54-9A1E7A4F7556}") = "Hangfire.Api", "Hangfire\Hangfire.Api.csproj", "{E3157C51-AD18-4536-AE80-38D13AFE64D3}"
EndProject
Project("{9A19103F-16F7-4668-BE54-9A1E7A4F7556}") = "Hangfire.Shared", "Hangfire.Shared\Hangfire.Shared.csproj", "{4745B66A-1E91-4A95-BF1D-9B0374123F0B}"
EndProject
Project("{9A19103F-16F7-4668-BE54-9A1E7A4F7556}") = "JobsProcessor", "JobsProcessor\JobsProcessor.csproj", "{3CD35DEB-52EF-438D-AA47-8B31EB3970EC}"
EndProject
Project("{2150E333-8FDC-42A3-9474-1A3956D46DE8}") = "Migrations", "Migrations", "{EECEAD1F-B01F-4174-8450-A33C876F68FD}"
EndProject
Project("{2150E333-8FDC-42A3-9474-1A3956D46DE8}") = "Hangfire", "Hangfire", "{461D0BDA-260B-446A-81C0-88190DACD1B5}"
EndProject
Project("{9A19103F-16F7-4668-BE54-9A1E7A4F7556}") = "AppWorkflow", "Workflow\AppWorkflow.csproj", "{9B88AA68-8409-4558-98C3-74FEDB6EECD5}"
EndProject
Global
	GlobalSection(SolutionConfigurationPlatforms) = preSolution
		Debug|Any CPU = Debug|Any CPU
		Release|Any CPU = Release|Any CPU
	EndGlobalSection
	GlobalSection(ProjectConfigurationPlatforms) = postSolution
		{FD651C46-7982-405F-A81E-23198FE50C7D}.Debug|Any CPU.ActiveCfg = Debug|Any CPU
		{FD651C46-7982-405F-A81E-23198FE50C7D}.Debug|Any CPU.Build.0 = Debug|Any CPU
		{FD651C46-7982-405F-A81E-23198FE50C7D}.Release|Any CPU.ActiveCfg = Release|Any CPU
		{FD651C46-7982-405F-A81E-23198FE50C7D}.Release|Any CPU.Build.0 = Release|Any CPU
		{3049B8B1-A121-4094-9591-6CB917E3039C}.Debug|Any CPU.ActiveCfg = Debug|Any CPU
		{3049B8B1-A121-4094-9591-6CB917E3039C}.Debug|Any CPU.Build.0 = Debug|Any CPU
		{3049B8B1-A121-4094-9591-6CB917E3039C}.Release|Any CPU.ActiveCfg = Release|Any CPU
		{3049B8B1-A121-4094-9591-6CB917E3039C}.Release|Any CPU.Build.0 = Release|Any CPU
		{4B21C1FE-C66A-40C3-B76F-CD4EA636BB10}.Debug|Any CPU.ActiveCfg = Debug|Any CPU
		{4B21C1FE-C66A-40C3-B76F-CD4EA636BB10}.Debug|Any CPU.Build.0 = Debug|Any CPU
		{4B21C1FE-C66A-40C3-B76F-CD4EA636BB10}.Release|Any CPU.ActiveCfg = Release|Any CPU
		{4B21C1FE-C66A-40C3-B76F-CD4EA636BB10}.Release|Any CPU.Build.0 = Release|Any CPU
		{6BE99E3A-365C-4678-83F2-B8D53406A5EC}.Debug|Any CPU.ActiveCfg = Debug|Any CPU
		{6BE99E3A-365C-4678-83F2-B8D53406A5EC}.Debug|Any CPU.Build.0 = Debug|Any CPU
		{6BE99E3A-365C-4678-83F2-B8D53406A5EC}.Release|Any CPU.ActiveCfg = Release|Any CPU
		{6BE99E3A-365C-4678-83F2-B8D53406A5EC}.Release|Any CPU.Build.0 = Release|Any CPU
		{F502F3B5-CDC6-4A4B-8999-0804A4B65A24}.Debug|Any CPU.ActiveCfg = Debug|Any CPU
		{F502F3B5-CDC6-4A4B-8999-0804A4B65A24}.Debug|Any CPU.Build.0 = Debug|Any CPU
		{F502F3B5-CDC6-4A4B-8999-0804A4B65A24}.Release|Any CPU.ActiveCfg = Release|Any CPU
		{F502F3B5-CDC6-4A4B-8999-0804A4B65A24}.Release|Any CPU.Build.0 = Release|Any CPU
		{182CAD2B-C6A7-43A1-BA7D-5FB9F177967C}.Debug|Any CPU.ActiveCfg = Debug|Any CPU
		{182CAD2B-C6A7-43A1-BA7D-5FB9F177967C}.Debug|Any CPU.Build.0 = Debug|Any CPU
		{182CAD2B-C6A7-43A1-BA7D-5FB9F177967C}.Release|Any CPU.ActiveCfg = Release|Any CPU
		{182CAD2B-C6A7-43A1-BA7D-5FB9F177967C}.Release|Any CPU.Build.0 = Release|Any CPU
		{D4D77D99-E59D-44EF-8704-D6AC1BBC9484}.Debug|Any CPU.ActiveCfg = Debug|Any CPU
		{D4D77D99-E59D-44EF-8704-D6AC1BBC9484}.Debug|Any CPU.Build.0 = Debug|Any CPU
		{D4D77D99-E59D-44EF-8704-D6AC1BBC9484}.Release|Any CPU.ActiveCfg = Release|Any CPU
		{D4D77D99-E59D-44EF-8704-D6AC1BBC9484}.Release|Any CPU.Build.0 = Release|Any CPU
		{AD9710D7-891F-4A18-A235-37908849D640}.Debug|Any CPU.ActiveCfg = Debug|Any CPU
		{AD9710D7-891F-4A18-A235-37908849D640}.Debug|Any CPU.Build.0 = Debug|Any CPU
		{AD9710D7-891F-4A18-A235-37908849D640}.Release|Any CPU.ActiveCfg = Release|Any CPU
		{AD9710D7-891F-4A18-A235-37908849D640}.Release|Any CPU.Build.0 = Release|Any CPU
		{2A3817B4-36DA-4AFD-9694-5AD874B98B40}.Debug|Any CPU.ActiveCfg = Debug|Any CPU
		{2A3817B4-36DA-4AFD-9694-5AD874B98B40}.Debug|Any CPU.Build.0 = Debug|Any CPU
		{2A3817B4-36DA-4AFD-9694-5AD874B98B40}.Release|Any CPU.ActiveCfg = Release|Any CPU
		{2A3817B4-36DA-4AFD-9694-5AD874B98B40}.Release|Any CPU.Build.0 = Release|Any CPU
		{6C528BEB-1B3E-4218-A86B-AB1E07F92BEE}.Debug|Any CPU.ActiveCfg = Debug|Any CPU
		{6C528BEB-1B3E-4218-A86B-AB1E07F92BEE}.Debug|Any CPU.Build.0 = Debug|Any CPU
		{6C528BEB-1B3E-4218-A86B-AB1E07F92BEE}.Release|Any CPU.ActiveCfg = Release|Any CPU
		{6C528BEB-1B3E-4218-A86B-AB1E07F92BEE}.Release|Any CPU.Build.0 = Release|Any CPU
		{106ED228-10AD-41B8-A026-D6F43EC54485}.Debug|Any CPU.ActiveCfg = Debug|Any CPU
		{106ED228-10AD-41B8-A026-D6F43EC54485}.Debug|Any CPU.Build.0 = Debug|Any CPU
		{106ED228-10AD-41B8-A026-D6F43EC54485}.Release|Any CPU.ActiveCfg = Release|Any CPU
		{106ED228-10AD-41B8-A026-D6F43EC54485}.Release|Any CPU.Build.0 = Release|Any CPU
		{523112D9-4C6D-4983-A6CA-76DD601F756E}.Debug|Any CPU.ActiveCfg = Debug|Any CPU
		{523112D9-4C6D-4983-A6CA-76DD601F756E}.Debug|Any CPU.Build.0 = Debug|Any CPU
		{523112D9-4C6D-4983-A6CA-76DD601F756E}.Release|Any CPU.ActiveCfg = Release|Any CPU
		{523112D9-4C6D-4983-A6CA-76DD601F756E}.Release|Any CPU.Build.0 = Release|Any CPU
		{7F34BDC8-3F84-4BD4-BC3A-F5CD6CE58879}.Debug|Any CPU.ActiveCfg = Debug|Any CPU
		{7F34BDC8-3F84-4BD4-BC3A-F5CD6CE58879}.Debug|Any CPU.Build.0 = Debug|Any CPU
		{7F34BDC8-3F84-4BD4-BC3A-F5CD6CE58879}.Release|Any CPU.ActiveCfg = Release|Any CPU
		{7F34BDC8-3F84-4BD4-BC3A-F5CD6CE58879}.Release|Any CPU.Build.0 = Release|Any CPU
		{E3157C51-AD18-4536-AE80-38D13AFE64D3}.Debug|Any CPU.ActiveCfg = Debug|Any CPU
		{E3157C51-AD18-4536-AE80-38D13AFE64D3}.Debug|Any CPU.Build.0 = Debug|Any CPU
		{E3157C51-AD18-4536-AE80-38D13AFE64D3}.Release|Any CPU.ActiveCfg = Release|Any CPU
		{E3157C51-AD18-4536-AE80-38D13AFE64D3}.Release|Any CPU.Build.0 = Release|Any CPU
		{4745B66A-1E91-4A95-BF1D-9B0374123F0B}.Debug|Any CPU.ActiveCfg = Debug|Any CPU
		{4745B66A-1E91-4A95-BF1D-9B0374123F0B}.Debug|Any CPU.Build.0 = Debug|Any CPU
		{4745B66A-1E91-4A95-BF1D-9B0374123F0B}.Release|Any CPU.ActiveCfg = Release|Any CPU
		{4745B66A-1E91-4A95-BF1D-9B0374123F0B}.Release|Any CPU.Build.0 = Release|Any CPU
		{3CD35DEB-52EF-438D-AA47-8B31EB3970EC}.Debug|Any CPU.ActiveCfg = Debug|Any CPU
		{3CD35DEB-52EF-438D-AA47-8B31EB3970EC}.Debug|Any CPU.Build.0 = Debug|Any CPU
		{3CD35DEB-52EF-438D-AA47-8B31EB3970EC}.Release|Any CPU.ActiveCfg = Release|Any CPU
		{3CD35DEB-52EF-438D-AA47-8B31EB3970EC}.Release|Any CPU.Build.0 = Release|Any CPU
		{9B88AA68-8409-4558-98C3-74FEDB6EECD5}.Debug|Any CPU.ActiveCfg = Debug|Any CPU
		{9B88AA68-8409-4558-98C3-74FEDB6EECD5}.Debug|Any CPU.Build.0 = Debug|Any CPU
		{9B88AA68-8409-4558-98C3-74FEDB6EECD5}.Release|Any CPU.ActiveCfg = Release|Any CPU
		{9B88AA68-8409-4558-98C3-74FEDB6EECD5}.Release|Any CPU.Build.0 = Release|Any CPU
	EndGlobalSection
	GlobalSection(SolutionProperties) = preSolution
		HideSolutionNode = FALSE
	EndGlobalSection
	GlobalSection(NestedProjects) = preSolution
		{182CAD2B-C6A7-43A1-BA7D-5FB9F177967C} = {EECEAD1F-B01F-4174-8450-A33C876F68FD}
		{D4D77D99-E59D-44EF-8704-D6AC1BBC9484} = {EECEAD1F-B01F-4174-8450-A33C876F68FD}
		{AD9710D7-891F-4A18-A235-37908849D640} = {EECEAD1F-B01F-4174-8450-A33C876F68FD}
		{E3157C51-AD18-4536-AE80-38D13AFE64D3} = {461D0BDA-260B-446A-81C0-88190DACD1B5}
		{4745B66A-1E91-4A95-BF1D-9B0374123F0B} = {461D0BDA-260B-446A-81C0-88190DACD1B5}
		{3CD35DEB-52EF-438D-AA47-8B31EB3970EC} = {461D0BDA-260B-446A-81C0-88190DACD1B5}
	EndGlobalSection
	GlobalSection(ExtensibilityGlobals) = postSolution
		SolutionGuid = {BA6E2CB9-5DEF-4A1B-821C-E4AADBA5D912}
	EndGlobalSection
EndGlobal
